
Microsoft Visual Studio Solution File, Format Version 12.00
# Visual Studio Version 17
VisualStudioVersion = 17.6.33829.357
MinimumVisualStudioVersion = 10.0.40219.1
Project("{FAE04EC0-301F-11D3-BF4B-00C04F79EFBC}") = "PTPM_QLMiCay", "PTPM_QLMiCay\PTPM_QLMiCay.csproj", "{D0F383A8-90E1-43F2-842D-DD0848F22B7E}"
EndProject
Project("{FAE04EC0-301F-11D3-BF4B-00C04F79EFBC}") = "CustomControl", "CustomControl\CustomControl.csproj", "{694652D6-5CBD-4201-B81F-5525F5A15691}"
EndProject
Global
	GlobalSection(SolutionConfigurationPlatforms) = preSolution
		Debug|Any CPU = Debug|Any CPU
		Release|Any CPU = Release|Any CPU
	EndGlobalSection
	GlobalSection(ProjectConfigurationPlatforms) = postSolution
		{D0F383A8-90E1-43F2-842D-DD0848F22B7E}.Debug|Any CPU.ActiveCfg = Debug|Any CPU
		{D0F383A8-90E1-43F2-842D-DD0848F22B7E}.Debug|Any CPU.Build.0 = Debug|Any CPU
		{D0F383A8-90E1-43F2-842D-DD0848F22B7E}.Release|Any CPU.ActiveCfg = Release|Any CPU
		{D0F383A8-90E1-43F2-842D-DD0848F22B7E}.Release|Any CPU.Build.0 = Release|Any CPU
		{694652D6-5CBD-4201-B81F-5525F5A15691}.Debug|Any CPU.ActiveCfg = Debug|Any CPU
		{694652D6-5CBD-4201-B81F-5525F5A15691}.Debug|Any CPU.Build.0 = Debug|Any CPU
		{694652D6-5CBD-4201-B81F-5525F5A15691}.Release|Any CPU.ActiveCfg = Release|Any CPU
		{694652D6-5CBD-4201-B81F-5525F5A15691}.Release|Any CPU.Build.0 = Release|Any CPU
	EndGlobalSection
	GlobalSection(SolutionProperties) = preSolution
		HideSolutionNode = FALSE
	EndGlobalSection
	GlobalSection(ExtensibilityGlobals) = postSolution
		SolutionGuid = {614AC341-D3EC-4643-B05F-3255990B0334}
	EndGlobalSection
EndGlobal
